
Microsoft Visual Studio Solution File, Format Version 12.00
# Visual Studio Version 17
VisualStudioVersion = 17.0.31903.59
MinimumVisualStudioVersion = 10.0.40219.1
Project("{2150E333-8FDC-42A3-9474-1A3956D46DE8}") = "src", "src", "{827E0CD3-B72D-47B6-A68D-7590B98EB39B}"
EndProject
Project("{2150E333-8FDC-42A3-9474-1A3956D46DE8}") = "backend", "backend", "{FE360695-3F2B-1049-3887-35FBB5135923}"
EndProject
Project("{2150E333-8FDC-42A3-9474-1A3956D46DE8}") = "services", "services", "{EA8B51A1-2815-D7EB-83DD-84035FEA831A}"
EndProject
Project("{FAE04EC0-301F-11D3-BF4B-00C04F79EFBC}") = "Todo.Domain", "src\backend\services\Todo.Domain\Todo.Domain.csproj", "{BCB1A51A-2278-4D21-9064-3DB15D4826D2}"
EndProject
Project("{FAE04EC0-301F-11D3-BF4B-00C04F79EFBC}") = "Todo.Application", "src\backend\services\Todo.Application\Todo.Application.csproj", "{3D79BFE7-93D5-4804-990A-63D42FF1540A}"
EndProject
Project("{FAE04EC0-301F-11D3-BF4B-00C04F79EFBC}") = "Todo.Infrastructure", "src\backend\services\Todo.Infrastructure\Todo.Infrastructure.csproj", "{73090BB3-86B1-4CC6-B786-BEF3153A07F0}"
EndProject
Project("{FAE04EC0-301F-11D3-BF4B-00C04F79EFBC}") = "Todo.Api", "src\backend\services\Todo.Api\Todo.Api.csproj", "{D8CA28D7-7631-4469-92A1-61851CD268DF}"
EndProject
Global
	GlobalSection(SolutionConfigurationPlatforms) = preSolution
		Debug|Any CPU = Debug|Any CPU
		Debug|x64 = Debug|x64
		Debug|x86 = Debug|x86
		Release|Any CPU = Release|Any CPU
		Release|x64 = Release|x64
		Release|x86 = Release|x86
	EndGlobalSection
	GlobalSection(ProjectConfigurationPlatforms) = postSolution
		{BCB1A51A-2278-4D21-9064-3DB15D4826D2}.Debug|Any CPU.ActiveCfg = Debug|Any CPU
		{BCB1A51A-2278-4D21-9064-3DB15D4826D2}.Debug|Any CPU.Build.0 = Debug|Any CPU
		{BCB1A51A-2278-4D21-9064-3DB15D4826D2}.Debug|x64.ActiveCfg = Debug|Any CPU
		{BCB1A51A-2278-4D21-9064-3DB15D4826D2}.Debug|x64.Build.0 = Debug|Any CPU
		{BCB1A51A-2278-4D21-9064-3DB15D4826D2}.Debug|x86.ActiveCfg = Debug|Any CPU
		{BCB1A51A-2278-4D21-9064-3DB15D4826D2}.Debug|x86.Build.0 = Debug|Any CPU
		{BCB1A51A-2278-4D21-9064-3DB15D4826D2}.Release|Any CPU.ActiveCfg = Release|Any CPU
		{BCB1A51A-2278-4D21-9064-3DB15D4826D2}.Release|Any CPU.Build.0 = Release|Any CPU
		{BCB1A51A-2278-4D21-9064-3DB15D4826D2}.Release|x64.ActiveCfg = Release|Any CPU
		{BCB1A51A-2278-4D21-9064-3DB15D4826D2}.Release|x64.Build.0 = Release|Any CPU
		{BCB1A51A-2278-4D21-9064-3DB15D4826D2}.Release|x86.ActiveCfg = Release|Any CPU
		{BCB1A51A-2278-4D21-9064-3DB15D4826D2}.Release|x86.Build.0 = Release|Any CPU
		{3D79BFE7-93D5-4804-990A-63D42FF1540A}.Debug|Any CPU.ActiveCfg = Debug|Any CPU
		{3D79BFE7-93D5-4804-990A-63D42FF1540A}.Debug|Any CPU.Build.0 = Debug|Any CPU
		{3D79BFE7-93D5-4804-990A-63D42FF1540A}.Debug|x64.ActiveCfg = Debug|Any CPU
		{3D79BFE7-93D5-4804-990A-63D42FF1540A}.Debug|x64.Build.0 = Debug|Any CPU
		{3D79BFE7-93D5-4804-990A-63D42FF1540A}.Debug|x86.ActiveCfg = Debug|Any CPU
		{3D79BFE7-93D5-4804-990A-63D42FF1540A}.Debug|x86.Build.0 = Debug|Any CPU
		{3D79BFE7-93D5-4804-990A-63D42FF1540A}.Release|Any CPU.ActiveCfg = Release|Any CPU
		{3D79BFE7-93D5-4804-990A-63D42FF1540A}.Release|Any CPU.Build.0 = Release|Any CPU
		{3D79BFE7-93D5-4804-990A-63D42FF1540A}.Release|x64.ActiveCfg = Release|Any CPU
		{3D79BFE7-93D5-4804-990A-63D42FF1540A}.Release|x64.Build.0 = Release|Any CPU
		{3D79BFE7-93D5-4804-990A-63D42FF1540A}.Release|x86.ActiveCfg = Release|Any CPU
		{3D79BFE7-93D5-4804-990A-63D42FF1540A}.Release|x86.Build.0 = Release|Any CPU
		{73090BB3-86B1-4CC6-B786-BEF3153A07F0}.Debug|Any CPU.ActiveCfg = Debug|Any CPU
		{73090BB3-86B1-4CC6-B786-BEF3153A07F0}.Debug|Any CPU.Build.0 = Debug|Any CPU
		{73090BB3-86B1-4CC6-B786-BEF3153A07F0}.Debug|x64.ActiveCfg = Debug|Any CPU
		{73090BB3-86B1-4CC6-B786-BEF3153A07F0}.Debug|x64.Build.0 = Debug|Any CPU
		{73090BB3-86B1-4CC6-B786-BEF3153A07F0}.Debug|x86.ActiveCfg = Debug|Any CPU
		{73090BB3-86B1-4CC6-B786-BEF3153A07F0}.Debug|x86.Build.0 = Debug|Any CPU
		{73090BB3-86B1-4CC6-B786-BEF3153A07F0}.Release|Any CPU.ActiveCfg = Release|Any CPU
		{73090BB3-86B1-4CC6-B786-BEF3153A07F0}.Release|Any CPU.Build.0 = Release|Any CPU
		{73090BB3-86B1-4CC6-B786-BEF3153A07F0}.Release|x64.ActiveCfg = Release|Any CPU
		{73090BB3-86B1-4CC6-B786-BEF3153A07F0}.Release|x64.Build.0 = Release|Any CPU
		{73090BB3-86B1-4CC6-B786-BEF3153A07F0}.Release|x86.ActiveCfg = Release|Any CPU
		{73090BB3-86B1-4CC6-B786-BEF3153A07F0}.Release|x86.Build.0 = Release|Any CPU
		{D8CA28D7-7631-4469-92A1-61851CD268DF}.Debug|Any CPU.ActiveCfg = Debug|Any CPU
		{D8CA28D7-7631-4469-92A1-61851CD268DF}.Debug|Any CPU.Build.0 = Debug|Any CPU
		{D8CA28D7-7631-4469-92A1-61851CD268DF}.Debug|x64.ActiveCfg = Debug|Any CPU
		{D8CA28D7-7631-4469-92A1-61851CD268DF}.Debug|x64.Build.0 = Debug|Any CPU
		{D8CA28D7-7631-4469-92A1-61851CD268DF}.Debug|x86.ActiveCfg = Debug|Any CPU
		{D8CA28D7-7631-4469-92A1-61851CD268DF}.Debug|x86.Build.0 = Debug|Any CPU
		{D8CA28D7-7631-4469-92A1-61851CD268DF}.Release|Any CPU.ActiveCfg = Release|Any CPU
		{D8CA28D7-7631-4469-92A1-61851CD268DF}.Release|Any CPU.Build.0 = Release|Any CPU
		{D8CA28D7-7631-4469-92A1-61851CD268DF}.Release|x64.ActiveCfg = Release|Any CPU
		{D8CA28D7-7631-4469-92A1-61851CD268DF}.Release|x64.Build.0 = Release|Any CPU
		{D8CA28D7-7631-4469-92A1-61851CD268DF}.Release|x86.ActiveCfg = Release|Any CPU
		{D8CA28D7-7631-4469-92A1-61851CD268DF}.Release|x86.Build.0 = Release|Any CPU
	EndGlobalSection
	GlobalSection(SolutionProperties) = preSolution
		HideSolutionNode = FALSE
	EndGlobalSection
	GlobalSection(NestedProjects) = preSolution
		{FE360695-3F2B-1049-3887-35FBB5135923} = {827E0CD3-B72D-47B6-A68D-7590B98EB39B}
		{EA8B51A1-2815-D7EB-83DD-84035FEA831A} = {FE360695-3F2B-1049-3887-35FBB5135923}
		{BCB1A51A-2278-4D21-9064-3DB15D4826D2} = {EA8B51A1-2815-D7EB-83DD-84035FEA831A}
		{3D79BFE7-93D5-4804-990A-63D42FF1540A} = {EA8B51A1-2815-D7EB-83DD-84035FEA831A}
		{73090BB3-86B1-4CC6-B786-BEF3153A07F0} = {EA8B51A1-2815-D7EB-83DD-84035FEA831A}
		{D8CA28D7-7631-4469-92A1-61851CD268DF} = {EA8B51A1-2815-D7EB-83DD-84035FEA831A}
	EndGlobalSection
EndGlobal
